dependencies:
- name: gpu-operator
  repository: https://helm.ngc.nvidia.com/nvidia
  version: v26.7.1
- name: network-operator
  repository: https://helm.ngc.nvidia.com/nvidia
  version: 26.7.0
- name: kueue
  repository: oci://registry.k8s.io/kueue/charts
  version: 0.19.6
digest: sha256:485d76a3cb1b1b538e1aefa634720ca67287589ba63cb4fe877a7292acdfbe64
generated: "2026-09-30T23:19:58.406334+05:30"
